// !$*UTF8*$!
{
	archiveVersion = 1;
	classes = {
	};
	objectVersion = 77;
	objects = {

/* Begin PBXBuildFile section */
		B4C1ACF22CC0471C005172FB /* CoreBluetooth.framework in Frameworks */ = {isa = PBXBuildFile; fileRef = B4C1ACF12CC0471C005172FB /* CoreBluetooth.framework */; };
/* End PBXBuildFile section */

/* Begin PBXContainerItemProxy section */
		B42A55152CC03A5500974694 /* PBXContainerItemProxy */ = {
			isa = PBXContainerItemProxy;
			containerPortal = B42A54F62CC03A5400974694 /* Project object */;
			proxyType = 1;
			remoteGlobalIDString = B42A54FD2CC03A5400974694;
			remoteInfo = blueJoystick;
		};
		B42A551F2CC03A5500974694 /* PBXContainerItemProxy */ = {
			isa = PBXContainerItemProxy;
			containerPortal = B42A54F62CC03A5400974694 /* Project object */;
			proxyType = 1;
			remoteGlobalIDString = B42A54FD2CC03A5400974694;
			remoteInfo = blueJoystick;
		};
/* End PBXContainerItemProxy section */

/* Begin PBXFileReference section */
		B42A54FE2CC03A5400974694 /* blueJoystick.app */ = {isa = PBXFileReference; explicitFileType = wrapper.application; includeInIndex = 0; path = blueJoystick.app; sourceTree = BUILT_PRODUCTS_DIR; };
		B42A55142CC03A5500974694 /* blueJoystickTests.xctest */ = {isa = PBXFileReference; explicitFileType = wrapper.cfbundle; includeInIndex = 0; path = blueJoystickTests.xctest; sourceTree = BUILT_PRODUCTS_DIR; };
		B42A551E2CC03A5500974694 /* blueJoystickUITests.xctest */ = {isa = PBXFileReference; explicitFileType = wrapper.cfbundle; includeInIndex = 0; path = blueJoystickUITests.xctest; sourceTree = BUILT_PRODUCTS_DIR; };
		B4C1ACF12CC0471C005172FB /* CoreBluetooth.framework */ = {isa = PBXFileReference; lastKnownFileType = wrapper.framework; name = CoreBluetooth.framework; path = System/Library/Frameworks/CoreBluetooth.framework; sourceTree = SDKROOT; };
/* End PBXFileReference section */

/* Begin PBXFileSystemSynchronizedBuildFileExceptionSet section */
		B42A55262CC03A5500974694 /* Exceptions for "blueJoystick" folder in "blueJoystick" target */ = {
			isa = PBXFileSystemSynchronizedBuildFileExceptionSet;
			membershipExceptions = (
				Info.plist,
			);
			target = B42A54FD2CC03A5400974694 /* blueJoystick */;
		};
/* End PBXFileSystemSynchronizedBuildFileExceptionSet section */

/* Begin PBXFileSystemSynchronizedRootGroup section */
		B42A55002CC03A5400974694 /* blueJoystick */ = {
			isa = PBXFileSystemSynchronizedRootGroup;
			exceptions = (
				B42A55262CC03A5500974694 /* Exceptions for "blueJoystick" folder in "blueJoystick" target */,
			);
			path = blueJoystick;
			sourceTree = "<group>";
		};
		B42A55172CC03A5500974694 /* blueJoystickTests */ = {
			isa = PBXFileSystemSynchronizedRootGroup;
			path = blueJoystickTests;
			sourceTree = "<group>";
		};
		B42A55212CC03A5500974694 /* blueJoystickUITests */ = {
			isa = PBXFileSystemSynchronizedRootGroup;
			path = blueJoystickUITests;
			sourceTree = "<group>";
		};
/* End PBXFileSystemSynchronizedRootGroup section */

/* Begin PBXFrameworksBuildPhase section */
		B42A54FB2CC03A5400974694 /* Frameworks */ = {
			isa = PBXFrameworksBuildPhase;
			buildActionMask = 2147483647;
			files = (
				B4C1ACF22CC0471C005172FB /* CoreBluetooth.framework in Frameworks */,
			);
			runOnlyForDeploymentPostprocessing = 0;
		};
		B42A55112CC03A5500974694 /* Frameworks */ = {
			isa = PBXFrameworksBuildPhase;
			buildActionMask = 2147483647;
			files = (
			);
			runOnlyForDeploymentPostprocessing = 0;
		};
		B42A551B2CC03A5500974694 /* Frameworks */ = {
			isa = PBXFrameworksBuildPhase;
			buildActionMask = 2147483647;
			files = (
			);
			runOnlyForDeploymentPostprocessing = 0;
		};
/* End PBXFrameworksBuildPhase section */

/* Begin PBXGroup section */
		B42A54F52CC03A5400974694 = {
			isa = PBXGroup;
			children = (
				B42A55002CC03A5400974694 /* blueJoystick */,
				B42A55172CC03A5500974694 /* blueJoystickTests */,
				B42A55212CC03A5500974694 /* blueJoystickUITests */,
				B4C1ACF02CC0471C005172FB /* Frameworks */,
				B42A54FF2CC03A5400974694 /* Products */,
			);
			sourceTree = "<group>";
		};
		B42A54FF2CC03A5400974694 /* Products */ = {
			isa = PBXGroup;
			children = (
				B42A54FE2CC03A5400974694 /* blueJoystick.app */,
				B42A55142CC03A5500974694 /* blueJoystickTests.xctest */,
				B42A551E2CC03A5500974694 /* blueJoystickUITests.xctest */,
			);
			name = Products;
			sourceTree = "<group>";
		};
		B4C1ACF02CC0471C005172FB /* Frameworks */ = {
			isa = PBXGroup;
			children = (
				B4C1ACF12CC0471C005172FB /* CoreBluetooth.framework */,
			);
			name = Frameworks;
			sourceTree = "<group>";
		};
/* End PBXGroup section */

/* Begin PBXNativeTarget section */
		B42A54FD2CC03A5400974694 /* blueJoystick */ = {
			isa = PBXNativeTarget;
			buildConfigurationList = B42A55272CC03A5500974694 /* Build configuration list for PBXNativeTarget "blueJoystick" */;
			buildPhases = (
				B42A54FA2CC03A5400974694 /* Sources */,
				B42A54FB2CC03A5400974694 /* Frameworks */,
				B42A54FC2CC03A5400974694 /* Resources */,
			);
			buildRules = (
			);
			dependencies = (
			);
			fileSystemSynchronizedGroups = (
				B42A55002CC03A5400974694 /* blueJoystick */,
			);
			name = blueJoystick;
			packageProductDependencies = (
			);
			productName = blueJoystick;
			productReference = B42A54FE2CC03A5400974694 /* blueJoystick.app */;
			productType = "com.apple.product-type.application";
		};
		B42A55132CC03A5500974694 /* blueJoystickTests */ = {
			isa = PBXNativeTarget;
			buildConfigurationList = B42A552C2CC03A5500974694 /* Build configuration list for PBXNativeTarget "blueJoystickTests" */;
			buildPhases = (
				B42A55102CC03A5500974694 /* Sources */,
				B42A55112CC03A5500974694 /* Frameworks */,
				B42A55122CC03A5500974694 /* Resources */,
			);
			buildRules = (
			);
			dependencies = (
				B42A55162CC03A5500974694 /* PBXTargetDependency */,
			);
			fileSystemSynchronizedGroups = (
				B42A55172CC03A5500974694 /* blueJoystickTests */,
			);
			name = blueJoystickTests;
			packageProductDependencies = (
			);
			productName = blueJoystickTests;
			productReference = B42A55142CC03A5500974694 /* blueJoystickTests.xctest */;
			productType = "com.apple.product-type.bundle.unit-test";
		};
		B42A551D2CC03A5500974694 /* blueJoystickUITests */ = {
			isa = PBXNativeTarget;
			buildConfigurationList = B42A552F2CC03A5500974694 /* Build configuration list for PBXNativeTarget "blueJoystickUITests" */;
			buildPhases = (
				B42A551A2CC03A5500974694 /* Sources */,
				B42A551B2CC03A5500974694 /* Frameworks */,
				B42A551C2CC03A5500974694 /* Resources */,
			);
			buildRules = (
			);
			dependencies = (
				B42A55202CC03A5500974694 /* PBXTargetDependency */,
			);
			fileSystemSynchronizedGroups = (
				B42A55212CC03A5500974694 /* blueJoystickUITests */,
			);
			name = blueJoystickUITests;
			packageProductDependencies = (
			);
			productName = blueJoystickUITests;
			productReference = B42A551E2CC03A5500974694 /* blueJoystickUITests.xctest */;
			productType = "com.apple.product-type.bundle.ui-testing";
		};
/* End PBXNativeTarget section */

/* Begin PBXProject section */
		B42A54F62CC03A5400974694 /* Project object */ = {
			isa = PBXProject;
			attributes = {
				BuildIndependentTargetsInParallel = 1;
				LastSwiftUpdateCheck = 1600;
				LastUpgradeCheck = 1600;
				TargetAttributes = {
					B42A54FD2CC03A5400974694 = {
						CreatedOnToolsVersion = 16.0;
					};
					B42A55132CC03A5500974694 = {
						CreatedOnToolsVersion = 16.0;
						TestTargetID = B42A54FD2CC03A5400974694;
					};
					B42A551D2CC03A5500974694 = {
						CreatedOnToolsVersion = 16.0;
						TestTargetID = B42A54FD2CC03A5400974694;
					};
				};
			};
			buildConfigurationList = B42A54F92CC03A5400974694 /* Build configuration list for PBXProject "blueJoystick" */;
			developmentRegion = en;
			hasScannedForEncodings = 0;
			knownRegions = (
				en,
				Base,
			);
			mainGroup = B42A54F52CC03A5400974694;
			minimizedProjectReferenceProxies = 1;
			preferredProjectObjectVersion = 77;
			productRefGroup = B42A54FF2CC03A5400974694 /* Products */;
			projectDirPath = "";
			projectRoot = "";
			targets = (
				B42A54FD2CC03A5400974694 /* blueJoystick */,
				B42A55132CC03A5500974694 /* blueJoystickTests */,
				B42A551D2CC03A5500974694 /* blueJoystickUITests */,
			);
		};
/* End PBXProject section */

/* Begin PBXResourcesBuildPhase section */
		B42A54FC2CC03A5400974694 /* Resources */ = {
			isa = PBXResourcesBuildPhase;
			buildActionMask = 2147483647;
			files = (
			);
			runOnlyForDeploymentPostprocessing = 0;
		};
		B42A55122CC03A5500974694 /* Resources */ = {
			isa = PBXResourcesBuildPhase;
			buildActionMask = 2147483647;
			files = (
			);
			runOnlyForDeploymentPostprocessing = 0;
		};
		B42A551C2CC03A5500974694 /* Resources */ = {
			isa = PBXResourcesBuildPhase;
			buildActionMask = 2147483647;
			files = (
			);
			runOnlyForDeploymentPostprocessing = 0;
		};
/* End PBXResourcesBuildPhase section */

/* Begin PBXSourcesBuildPhase section */
		B42A54FA2CC03A5400974694 /* Sources */ = {
			isa = PBXSourcesBuildPhase;
			buildActionMask = 2147483647;
			files = (
			);
			runOnlyForDeploymentPostprocessing = 0;
		};
		B42A55102CC03A5500974694 /* Sources */ = {
			isa = PBXSourcesBuildPhase;
			buildActionMask = 2147483647;
			files = (
			);
			runOnlyForDeploymentPostprocessing = 0;
		};
		B42A551A2CC03A5500974694 /* Sources */ = {
			isa = PBXSourcesBuildPhase;
			buildActionMask = 2147483647;
			files = (
			);
			runOnlyForDeploymentPostprocessing = 0;
		};
/* End PBXSourcesBuildPhase section */

/* Begin PBXTargetDependency section */
		B42A55162CC03A5500974694 /* PBXTargetDependency */ = {
			isa = PBXTargetDependency;
			target = B42A54FD2CC03A5400974694 /* blueJoystick */;
			targetProxy = B42A55152CC03A5500974694 /* PBXContainerItemProxy */;
		};
		B42A55202CC03A5500974694 /* PBXTargetDependency */ = {
			isa = PBXTargetDependency;
			target = B42A54FD2CC03A5400974694 /* blueJoystick */;
			targetProxy = B42A551F2CC03A5500974694 /* PBXContainerItemProxy */;
		};
/* End PBXTargetDependency section */

/* Begin XCBuildConfiguration section */
		B42A55282CC03A5500974694 /* Debug */ = {
			isa = XCBuildConfiguration;
			buildSettings = {
				ASSETCATALOG_COMPILER_APPICON_NAME = AppIcon;
				ASSETCATALOG_COMPILER_GLOBAL_ACCENT_COLOR_NAME = AccentColor;
				CODE_SIGN_STYLE = Automatic;
				CURRENT_PROJECT_VERSION = 1;
				DEVELOPMENT_TEAM = 9MXM498449;
				GENERATE_INFOPLIST_FILE = YES;
				INFOPLIST_FILE = blueJoystick/Info.plist;
				INFOPLIST_KEY_NSBluetoothAlwaysUsageDescription = "This app requires Bluetooth to connect to nearby devices.";
				INFOPLIST_KEY_NSBluetoothPeripheralUsageDescription = "This app requires Bluetooth to connect to nearby devices.";
				INFOPLIST_KEY_UIApplicationSupportsIndirectInputEvents = YES;
				INFOPLIST_KEY_UILaunchStoryboardName = LaunchScreen;
				INFOPLIST_KEY_UIMainStoryboardFile = Main;
				INFOPLIST_KEY_UISupportedInterfaceOrientations_iPad = "UIInterfaceOrientationPortrait UIInterfaceOrientationPortraitUpsideDown UIInterfaceOrientationLandscapeLeft UIInterfaceOrientationLandscapeRight";
				INFOPLIST_KEY_UISupportedInterfaceOrientations_iPhone = "UIInterfaceOrientationPortrait UIInterfaceOrientationLandscapeLeft UIInterfaceOrientationLandscapeRight";
				LD_RUNPATH_SEARCH_PATHS = (
					"$(inherited)",
					"@executable_path/Frameworks",
				);
				MARKETING_VERSION = 1.0;
				PRODUCT_BUNDLE_IDENTIFIER = com.jensCorp.blueJoystick;
				PRODUCT_NAME = "$(TARGET_NAME)";
				SWIFT_EMIT_LOC_STRINGS = YES;
				SWIFT_VERSION = 5.0;
				TARGETED_DEVICE_FAMILY = "1,2";
			};
			name = Debug;
		};
		B42A55292CC03A5500974694 /* Release */ = {
			isa = XCBuildConfiguration;
			buildSettings = {
				ASSETCATALOG_COMPILER_APPICON_NAME = AppIcon;
				ASSETCATALOG_COMPILER_GLOBAL_ACCENT_COLOR_NAME = AccentColor;
				CODE_SIGN_STYLE = Automatic;
				CURRENT_PROJECT_VERSION = 1;
				DEVELOPMENT_TEAM = 9MXM498449;
				GENERATE_INFOPLIST_FILE = YES;
				INFOPLIST_FILE = blueJoystick/Info.plist;
				INFOPLIST_KEY_NSBluetoothAlwaysUsageDescription = "This app requires Bluetooth to connect to nearby devices.";
				INFOPLIST_KEY_NSBluetoothPeripheralUsageDescription = "This app requires Bluetooth to connect to nearby devices.";
				INFOPLIST_KEY_UIApplicationSupportsIndirectInputEvents = YES;
				INFOPLIST_KEY_UILaunchStoryboardName = LaunchScreen;
				INFOPLIST_KEY_UIMainStoryboardFile = Main;
				INFOPLIST_KEY_UISupportedInterfaceOrientations_iPad = "UIInterfaceOrientationPortrait UIInterfaceOrientationPortraitUpsideDown UIInterfaceOrientationLandscapeLeft UIInterfaceOrientationLandscapeRight";
				INFOPLIST_KEY_UISupportedInterfaceOrientations_iPhone = "UIInterfaceOrientationPortrait UIInterfaceOrientationLandscapeLeft UIInterfaceOrientationLandscapeRight";
				LD_RUNPATH_SEARCH_PATHS = (
					"$(inherited)",
					"@executable_path/Frameworks",
				);
				MARKETING_VERSION = 1.0;
				PRODUCT_BUNDLE_IDENTIFIER = com.jensCorp.blueJoystick;
				PRODUCT_NAME = "$(TARGET_NAME)";
				SWIFT_EMIT_LOC_STRINGS = YES;
				SWIFT_VERSION = 5.0;
				TARGETED_DEVICE_FAMILY = "1,2";
			};
			name = Release;
		};
		B42A552A2CC03A5500974694 /* Debug */ = {
			isa = XCBuildConfiguration;
			buildSettings = {
				ALWAYS_SEARCH_USER_PATHS = NO;
				ASSETCATALOG_COMPILER_GENERATE_SWIFT_ASSET_SYMBOL_EXTENSIONS = YES;
				CLANG_ANALYZER_NONNULL = YES;
				CLANG_ANALYZER_NUMBER_OBJECT_CONVERSION = YES_AGGRESSIVE;
				CLANG_CXX_LANGUAGE_STANDARD = "gnu++20";
				CLANG_ENABLE_MODULES = YES;
				CLANG_ENABLE_OBJC_ARC = YES;
				CLANG_ENABLE_OBJC_WEAK = YES;
				CLANG_WARN_BLOCK_CAPTURE_AUTORELEASING = YES;
				CLANG_WARN_BOOL_CONVERSION = YES;
				CLANG_WARN_COMMA = YES;
				CLANG_WARN_CONSTANT_CONVERSION = YES;
				CLANG_WARN_DEPRECATED_OBJC_IMPLEMENTATIONS = YES;
				CLANG_WARN_DIRECT_OBJC_ISA_USAGE = YES_ERROR;
				CLANG_WARN_DOCUMENTATION_COMMENTS = YES;
				CLANG_WARN_EMPTY_BODY = YES;
				CLANG_WARN_ENUM_CONVERSION = YES;
				CLANG_WARN_INFINITE_RECURSION = YES;
				CLANG_WARN_INT_CONVERSION = YES;
				CLANG_WARN_NON_LITERAL_NULL_CONVERSION = YES;
				CLANG_WARN_OBJC_IMPLICIT_RETAIN_SELF = YES;
				CLANG_WARN_OBJC_LITERAL_CONVERSION = YES;
				CLANG_WARN_OBJC_ROOT_CLASS = YES_ERROR;
				CLANG_WARN_QUOTED_INCLUDE_IN_FRAMEWORK_HEADER = YES;
				CLANG_WARN_RANGE_LOOP_ANALYSIS = YES;
				CLANG_WARN_STRICT_PROTOTYPES = YES;
				CLANG_WARN_SUSPICIOUS_MOVE = YES;
				CLANG_WARN_UNGUARDED_AVAILABILITY = YES_AGGRESSIVE;
				CLANG_WARN_UNREACHABLE_CODE = YES;
				CLANG_WARN__DUPLICATE_METHOD_MATCH = YES;
				COPY_PHASE_STRIP = NO;
				DEBUG_INFORMATION_FORMAT = dwarf;
				ENABLE_STRICT_OBJC_MSGSEND = YES;
				ENABLE_TESTABILITY = YES;
				ENABLE_USER_SCRIPT_SANDBOXING = YES;
				GCC_C_LANGUAGE_STANDARD = gnu17;
				GCC_DYNAMIC_NO_PIC = NO;
				GCC_NO_COMMON_BLOCKS = YES;
				GCC_OPTIMIZATION_LEVEL = 0;
				GCC_PREPROCESSOR_DEFINITIONS = (
					"DEBUG=1",
					"$(inherited)",
				);
				GCC_WARN_64_TO_32_BIT_CONVERSION = YES;
				GCC_WARN_ABOUT_RETURN_TYPE = YES_ERROR;
				GCC_WARN_UNDECLARED_SELECTOR = YES;
				GCC_WARN_UNINITIALIZED_AUTOS = YES_AGGRESSIVE;
				GCC_WARN_UNUSED_FUNCTION = YES;
				GCC_WARN_UNUSED_VARIABLE = YES;
				IPHONEOS_DEPLOYMENT_TARGET = 18.0;
				LOCALIZATION_PREFERS_STRING_CATALOGS = YES;
				MTL_ENABLE_DEBUG_INFO = INCLUDE_SOURCE;
				MTL_FAST_MATH = YES;
				ONLY_ACTIVE_ARCH = YES;
				SDKROOT = iphoneos;
				SWIFT_ACTIVE_COMPILATION_CONDITIONS = "DEBUG $(inherited)";
				SWIFT_OPTIMIZATION_LEVEL = "-Onone";
			};
			name = Debug;
		};
		B42A552B2CC03A5500974694 /* Release */ = {
			isa = XCBuildConfiguration;
			buildSettings = {
				ALWAYS_SEARCH_USER_PATHS = NO;
				ASSETCATALOG_COMPILER_GENERATE_SWIFT_ASSET_SYMBOL_EXTENSIONS = YES;
				CLANG_ANALYZER_NONNULL = YES;
				CLANG_ANALYZER_NUMBER_OBJECT_CONVERSION = YES_AGGRESSIVE;
				CLANG_CXX_LANGUAGE_STANDARD = "gnu++20";
				CLANG_ENABLE_MODULES = YES;
				CLANG_ENABLE_OBJC_ARC = YES;
				CLANG_ENABLE_OBJC_WEAK = YES;
				CLANG_WARN_BLOCK_CAPTURE_AUTORELEASING = YES;
				CLANG_WARN_BOOL_CONVERSION = YES;
				CLANG_WARN_COMMA = YES;
				CLANG_WARN_CONSTANT_CONVERSION = YES;
				CLANG_WARN_DEPRECATED_OBJC_IMPLEMENTATIONS = YES;
				CLANG_WARN_DIRECT_OBJC_ISA_USAGE = YES_ERROR;
				CLANG_WARN_DOCUMENTATION_COMMENTS = YES;
				CLANG_WARN_EMPTY_BODY = YES;
				CLANG_WARN_ENUM_CONVERSION = YES;
				CLANG_WARN_INFINITE_RECURSION = YES;
				CLANG_WARN_INT_CONVERSION = YES;
				CLANG_WARN_NON_LITERAL_NULL_CONVERSION = YES;
				CLANG_WARN_OBJC_IMPLICIT_RETAIN_SELF = YES;
				CLANG_WARN_OBJC_LITERAL_CONVERSION = YES;
				CLANG_WARN_OBJC_ROOT_CLASS = YES_ERROR;
				CLANG_WARN_QUOTED_INCLUDE_IN_FRAMEWORK_HEADER = YES;
				CLANG_WARN_RANGE_LOOP_ANALYSIS = YES;
				CLANG_WARN_STRICT_PROTOTYPES = YES;
				CLANG_WARN_SUSPICIOUS_MOVE = YES;
				CLANG_WARN_UNGUARDED_AVAILABILITY = YES_AGGRESSIVE;
				CLANG_WARN_UNREACHABLE_CODE = YES;
				CLANG_WARN__DUPLICATE_METHOD_MATCH = YES;
				COPY_PHASE_STRIP = NO;
				DEBUG_INFORMATION_FORMAT = "dwarf-with-dsym";
				ENABLE_NS_ASSERTIONS = NO;
				ENABLE_STRICT_OBJC_MSGSEND = YES;
				ENABLE_USER_SCRIPT_SANDBOXING = YES;
				GCC_C_LANGUAGE_STANDARD = gnu17;
				GCC_NO_COMMON_BLOCKS = YES;
				GCC_WARN_64_TO_32_BIT_CONVERSION = YES;
				GCC_WARN_ABOUT_RETURN_TYPE = YES_ERROR;
				GCC_WARN_UNDECLARED_SELECTOR = YES;
				GCC_WARN_UNINITIALIZED_AUTOS = YES_AGGRESSIVE;
				GCC_WARN_UNUSED_FUNCTION = YES;
				GCC_WARN_UNUSED_VARIABLE = YES;
				IPHONEOS_DEPLOYMENT_TARGET = 18.0;
				LOCALIZATION_PREFERS_STRING_CATALOGS = YES;
				MTL_ENABLE_DEBUG_INFO = NO;
				MTL_FAST_MATH = YES;
				SDKROOT = iphoneos;
				SWIFT_COMPILATION_MODE = wholemodule;
				VALIDATE_PRODUCT = YES;
			};
			name = Release;
		};
		B42A552D2CC03A5500974694 /* Debug */ = {
			isa = XCBuildConfiguration;
			buildSettings = {
				BUNDLE_LOADER = "$(TEST_HOST)";
				CODE_SIGN_STYLE = Automatic;
				CURRENT_PROJECT_VERSION = 1;
				GENERATE_INFOPLIST_FILE = YES;
				IPHONEOS_DEPLOYMENT_TARGET = 18.0;
				MARKETING_VERSION = 1.0;
				PRODUCT_BUNDLE_IDENTIFIER = com.jensCorp.blueJoystickTests;
				PRODUCT_NAME = "$(TARGET_NAME)";
				SWIFT_EMIT_LOC_STRINGS = NO;
				SWIFT_VERSION = 5.0;
				TARGETED_DEVICE_FAMILY = "1,2";
				TEST_HOST = "$(BUILT_PRODUCTS_DIR)/blueJoystick.app/$(BUNDLE_EXECUTABLE_FOLDER_PATH)/blueJoystick";
			};
			name = Debug;
		};
		B42A552E2CC03A5500974694 /* Release */ = {
			isa = XCBuildConfiguration;
			buildSettings = {
				BUNDLE_LOADER = "$(TEST_HOST)";
				CODE_SIGN_STYLE = Automatic;
				CURRENT_PROJECT_VERSION = 1;
				GENERATE_INFOPLIST_FILE = YES;
				IPHONEOS_DEPLOYMENT_TARGET = 18.0;
				MARKETING_VERSION = 1.0;
				PRODUCT_BUNDLE_IDENTIFIER = com.jensCorp.blueJoystickTests;
				PRODUCT_NAME = "$(TARGET_NAME)";
				SWIFT_EMIT_LOC_STRINGS = NO;
				SWIFT_VERSION = 5.0;
				TARGETED_DEVICE_FAMILY = "1,2";
				TEST_HOST = "$(BUILT_PRODUCTS_DIR)/blueJoystick.app/$(BUNDLE_EXECUTABLE_FOLDER_PATH)/blueJoystick";
			};
			name = Release;
		};
		B42A55302CC03A5500974694 /* Debug */ = {
			isa = XCBuildConfiguration;
			buildSettings = {
				CODE_SIGN_STYLE = Automatic;
				CURRENT_PROJECT_VERSION = 1;
				GENERATE_INFOPLIST_FILE = YES;
				MARKETING_VERSION = 1.0;
				PRODUCT_BUNDLE_IDENTIFIER = com.jensCorp.blueJoystickUITests;
				PRODUCT_NAME = "$(TARGET_NAME)";
				SWIFT_EMIT_LOC_STRINGS = NO;
				SWIFT_VERSION = 5.0;
				TARGETED_DEVICE_FAMILY = "1,2";
				TEST_TARGET_NAME = blueJoystick;
			};
			name = Debug;
		};
		B42A55312CC03A5500974694 /* Release */ = {
			isa = XCBuildConfiguration;
			buildSettings = {
				CODE_SIGN_STYLE = Automatic;
				CURRENT_PROJECT_VERSION = 1;
				GENERATE_INFOPLIST_FILE = YES;
				MARKETING_VERSION = 1.0;
				PRODUCT_BUNDLE_IDENTIFIER = com.jensCorp.blueJoystickUITests;
				PRODUCT_NAME = "$(TARGET_NAME)";
				SWIFT_EMIT_LOC_STRINGS = NO;
				SWIFT_VERSION = 5.0;
				TARGETED_DEVICE_FAMILY = "1,2";
				TEST_TARGET_NAME = blueJoystick;
			};
			name = Release;
		};
/* End XCBuildConfiguration section */

/* Begin XCConfigurationList section */
		B42A54F92CC03A5400974694 /* Build configuration list for PBXProject "blueJoystick" */ = {
			isa = XCConfigurationList;
			buildConfigurations = (
				B42A552A2CC03A5500974694 /* Debug */,
				B42A552B2CC03A5500974694 /* Release */,
			);
			defaultConfigurationIsVisible = 0;
			defaultConfigurationName = Release;
		};
		B42A55272CC03A5500974694 /* Build configuration list for PBXNativeTarget "blueJoystick" */ = {
			isa = XCConfigurationList;
			buildConfigurations = (
				B42A55282CC03A5500974694 /* Debug */,
				B42A55292CC03A5500974694 /* Release */,
			);
			defaultConfigurationIsVisible = 0;
			defaultConfigurationName = Release;
		};
		B42A552C2CC03A5500974694 /* Build configuration list for PBXNativeTarget "blueJoystickTests" */ = {
			isa = XCConfigurationList;
			buildConfigurations = (
				B42A552D2CC03A5500974694 /* Debug */,
				B42A552E2CC03A5500974694 /* Release */,
			);
			defaultConfigurationIsVisible = 0;
			defaultConfigurationName = Release;
		};
		B42A552F2CC03A5500974694 /* Build configuration list for PBXNativeTarget "blueJoystickUITests" */ = {
			isa = XCConfigurationList;
			buildConfigurations = (
				B42A55302CC03A5500974694 /* Debug */,
				B42A55312CC03A5500974694 /* Release */,
			);
			defaultConfigurationIsVisible = 0;
			defaultConfigurationName = Release;
		};
/* End XCConfigurationList section */
	};
	rootObject = B42A54F62CC03A5400974694 /* Project object */;
}
